
Microsoft Visual Studio Solution File, Format Version 12.00
# Visual Studio Version 17
VisualStudioVersion = 17.13.35825.156 d17.13
MinimumVisualStudioVersion = 10.0.40219.1
Project("{FAE04EC0-301F-11D3-BF4B-00C04F79EFBC}") = "ConsoleApp10", "ConsoleApp10\ConsoleApp10.csproj", "{2939F855-430F-4312-8BB4-1083211F8AA6}"
EndProject
Global
	GlobalSection(SolutionConfigurationPlatforms) = preSolution
		Debug|Any CPU = Debug|Any CPU
		Release|Any CPU = Release|Any CPU
	EndGlobalSection
	GlobalSection(ProjectConfigurationPlatforms) = postSolution
		{2939F855-430F-4312-8BB4-1083211F8AA6}.Debug|Any CPU.ActiveCfg = Debug|Any CPU
		{2939F855-430F-4312-8BB4-1083211F8AA6}.Debug|Any CPU.Build.0 = Debug|Any CPU
		{2939F855-430F-4312-8BB4-1083211F8AA6}.Release|Any CPU.ActiveCfg = Release|Any CPU
		{2939F855-430F-4312-8BB4-1083211F8AA6}.Release|Any CPU.Build.0 = Release|Any CPU
	EndGlobalSection
	GlobalSection(SolutionProperties) = preSolution
		HideSolutionNode = FALSE
	EndGlobalSection
	GlobalSection(ExtensibilityGlobals) = postSolution
		SolutionGuid = {BA54BC4F-7F82-4BF4-99AD-7A62231C2417}
	EndGlobalSection
EndGlobal
